
Microsoft Visual Studio Solution File, Format Version 12.00
# Visual Studio Version 17
VisualStudioVersion = 17.10.34916.146
MinimumVisualStudioVersion = 10.0.40219.1
Project("{9A19103F-16F7-4668-BE54-9A1E7A4F7556}") = "T5PR1Hugo2", "T5PR1Hugo2.csproj", "{71A31EA3-4EB7-4790-91D2-B3DF86C3F5E0}"
EndProject
Global
	GlobalSection(SolutionConfigurationPlatforms) = preSolution
		Debug|Any CPU = Debug|Any CPU
		Release|Any CPU = Release|Any CPU
	EndGlobalSection
	GlobalSection(ProjectConfigurationPlatforms) = postSolution
		{71A31EA3-4EB7-4790-91D2-B3DF86C3F5E0}.Debug|Any CPU.ActiveCfg = Debug|Any CPU
		{71A31EA3-4EB7-4790-91D2-B3DF86C3F5E0}.Debug|Any CPU.Build.0 = Debug|Any CPU
		{71A31EA3-4EB7-4790-91D2-B3DF86C3F5E0}.Release|Any CPU.ActiveCfg = Release|Any CPU
		{71A31EA3-4EB7-4790-91D2-B3DF86C3F5E0}.Release|Any CPU.Build.0 = Release|Any CPU
	EndGlobalSection
	GlobalSection(SolutionProperties) = preSolution
		HideSolutionNode = FALSE
	EndGlobalSection
	GlobalSection(ExtensibilityGlobals) = postSolution
		SolutionGuid = {FA6C5281-B60C-4FFD-87D1-E09BBAC15C23}
	EndGlobalSection
EndGlobal
